
Microsoft Visual Studio Solution File, Format Version 12.00
# Visual Studio Version 16
VisualStudioVersion = 16.0.30309.148
MinimumVisualStudioVersion = 10.0.40219.1
Project("{9A19103F-16F7-4668-BE54-9A1E7A4F7556}") = "BDDCalculator", "BDDCalculator\BDDCalculator.csproj", "{9CF25450-30DF-4C62-9B90-9584CA4FB6DB}"
EndProject
Project("{9A19103F-16F7-4668-BE54-9A1E7A4F7556}") = "CalculatorBDD", "Calculator\CalculatorBDD.csproj", "{DF612564-06D6-4DE6-ABC6-328DAE120CCE}"
EndProject
Global
	GlobalSection(SolutionConfigurationPlatforms) = preSolution
		Debug|Any CPU = Debug|Any CPU
		Release|Any CPU = Release|Any CPU
	EndGlobalSection
	GlobalSection(ProjectConfigurationPlatforms) = postSolution
		{9CF25450-30DF-4C62-9B90-9584CA4FB6DB}.Debug|Any CPU.ActiveCfg = Debug|Any CPU
		{9CF25450-30DF-4C62-9B90-9584CA4FB6DB}.Debug|Any CPU.Build.0 = Debug|Any CPU
		{9CF25450-30DF-4C62-9B90-9584CA4FB6DB}.Release|Any CPU.ActiveCfg = Release|Any CPU
		{9CF25450-30DF-4C62-9B90-9584CA4FB6DB}.Release|Any CPU.Build.0 = Release|Any CPU
		{DF612564-06D6-4DE6-ABC6-328DAE120CCE}.Debug|Any CPU.ActiveCfg = Debug|Any CPU
		{DF612564-06D6-4DE6-ABC6-328DAE120CCE}.Debug|Any CPU.Build.0 = Debug|Any CPU
		{DF612564-06D6-4DE6-ABC6-328DAE120CCE}.Release|Any CPU.ActiveCfg = Release|Any CPU
		{DF612564-06D6-4DE6-ABC6-328DAE120CCE}.Release|Any CPU.Build.0 = Release|Any CPU
	EndGlobalSection
	GlobalSection(SolutionProperties) = preSolution
		HideSolutionNode = FALSE
	EndGlobalSection
	GlobalSection(ExtensibilityGlobals) = postSolution
		SolutionGuid = {A0FE0726-29AD-4DA9-AF64-4FFD0BC437DF}
	EndGlobalSection
EndGlobal
